
Microsoft Visual Studio Solution File, Format Version 11.00
# Visual Studio 2010
Project("{FAE04EC0-301F-11D3-BF4B-00C04F79EFBC}") = "VistarClient", "VistarClient\VistarClient.csproj", "{FFFD37AC-554E-4269-8C44-E78281DAFCF4}"
EndProject
Project("{FAE04EC0-301F-11D3-BF4B-00C04F79EFBC}") = "TestConsole", "TestConsole\TestConsole.csproj", "{2761CB3D-899A-4894-AA23-2C7FC04FF780}"
EndProject
Global
	GlobalSection(SolutionConfigurationPlatforms) = preSolution
		Debug|Any CPU = Debug|Any CPU
		Release|Any CPU = Release|Any CPU
	EndGlobalSection
	GlobalSection(ProjectConfigurationPlatforms) = postSolution
		{2761CB3D-899A-4894-AA23-2C7FC04FF780}.Debug|Any CPU.ActiveCfg = Debug|Any CPU
		{2761CB3D-899A-4894-AA23-2C7FC04FF780}.Debug|Any CPU.Build.0 = Debug|Any CPU
		{2761CB3D-899A-4894-AA23-2C7FC04FF780}.Release|Any CPU.ActiveCfg = Release|Any CPU
		{2761CB3D-899A-4894-AA23-2C7FC04FF780}.Release|Any CPU.Build.0 = Release|Any CPU
		{FFFD37AC-554E-4269-8C44-E78281DAFCF4}.Debug|Any CPU.ActiveCfg = Debug|Any CPU
		{FFFD37AC-554E-4269-8C44-E78281DAFCF4}.Debug|Any CPU.Build.0 = Debug|Any CPU
		{FFFD37AC-554E-4269-8C44-E78281DAFCF4}.Release|Any CPU.ActiveCfg = Release|Any CPU
		{FFFD37AC-554E-4269-8C44-E78281DAFCF4}.Release|Any CPU.Build.0 = Release|Any CPU
	EndGlobalSection
	GlobalSection(MonoDevelopProperties) = preSolution
		StartupItem = TestConsole\TestConsole.csproj
	EndGlobalSection
EndGlobal
